{
  "object": {
    "pins": [
      {
        "package": "Stripe",
        "repositoryURL": "https://github.com/stripe/stripe-ios.git",
        "state": {
          "branch": null,
          "revision": "ce45d3715285eace0d4e5f072289904c7d332b23",
          "version": "20.1.1"
        }
      }
    ]
  },
  "version": 1
}
