// !$*UTF8*$!
{
	archiveVersion = 1;
	classes = {
	};
	objectVersion = 46;
	objects = {

/* Begin PBXBuildFile section */
		3B2741C5219F99B700BFA3D2 /* ResultViewController.swift in Sources */ = {isa = PBXBuildFile; fileRef = 3B2741C4219F99B700BFA3D2 /* ResultViewController.swift */; };
		3B2C41F922C55531006172BE /* CardScan_ExampleTests.swift in Sources */ = {isa = PBXBuildFile; fileRef = 3B2C41F822C55531006172BE /* CardScan_ExampleTests.swift */; };
		3BE2697F2278DF3800199C31 /* CardScan_ExampleUITests.swift in Sources */ = {isa = PBXBuildFile; fileRef = 3BE2697E2278DF3800199C31 /* CardScan_ExampleUITests.swift */; };
		607FACD61AFB9204008FA782 /* AppDelegate.swift in Sources */ = {isa = PBXBuildFile; fileRef = 607FACD51AFB9204008FA782 /* AppDelegate.swift */; };
		607FACD81AFB9204008FA782 /* ViewController.swift in Sources */ = {isa = PBXBuildFile; fileRef = 607FACD71AFB9204008FA782 /* ViewController.swift */; };
		607FACDB1AFB9204008FA782 /* Main.storyboard in Resources */ = {isa = PBXBuildFile; fileRef = 607FACD91AFB9204008FA782 /* Main.storyboard */; };
		607FACDD1AFB9204008FA782 /* Images.xcassets in Resources */ = {isa = PBXBuildFile; fileRef = 607FACDC1AFB9204008FA782 /* Images.xcassets */; };
		607FACE01AFB9204008FA782 /* LaunchScreen.xib in Resources */ = {isa = PBXBuildFile; fileRef = 607FACDE1AFB9204008FA782 /* LaunchScreen.xib */; };
		AE9D9D56237E3E6BF05E2BF6 /* Pods_CardScan_ExampleUITests.framework in Frameworks */ = {isa = PBXBuildFile; fileRef = BDB96CEF7D3ACA685C6EEDC0 /* Pods_CardScan_ExampleUITests.framework */; };
		D429AFDEA48FC19F87687EE7 /* Pods_CardScan_ExampleTests.framework in Frameworks */ = {isa = PBXBuildFile; fileRef = AE17A7756B77B1770A3295F9 /* Pods_CardScan_ExampleTests.framework */; };
		D69443EF2DE5EDA4E180206C /* Pods_CardScan_Example.framework in Frameworks */ = {isa = PBXBuildFile; fileRef = FDCA90BA2C77F14EF08D1026 /* Pods_CardScan_Example.framework */; };
		EBA35644249C8E0500CF6194 /* CardScanDD_BundleTests.swift in Sources */ = {isa = PBXBuildFile; fileRef = EBA35643249C8E0500CF6194 /* CardScanDD_BundleTests.swift */; };
		EBA35646249DDDDC00CF6194 /* CardScanDD_ModelTests.swift in Sources */ = {isa = PBXBuildFile; fileRef = EBA35645249DDDDC00CF6194 /* CardScanDD_ModelTests.swift */; };
		F3594276248784A00063A362 /* ModalNavViewController.swift in Sources */ = {isa = PBXBuildFile; fileRef = F3594275248784A00063A362 /* ModalNavViewController.swift */; };
		F3594278248784C40063A362 /* ModalScanViewController.swift in Sources */ = {isa = PBXBuildFile; fileRef = F3594277248784C40063A362 /* ModalScanViewController.swift */; };
		F3BF1C5C22D51AAA002A2575 /* CardScan_BundleTests.swift in Sources */ = {isa = PBXBuildFile; fileRef = F3BF1C5B22D51AAA002A2575 /* CardScan_BundleTests.swift */; };
		F3FA027023A814C4002A8169 /* CardScan_CardUtilsTests.swift in Sources */ = {isa = PBXBuildFile; fileRef = F3FA026F23A814C4002A8169 /* CardScan_CardUtilsTests.swift */; };
/* End PBXBuildFile section */

/* Begin PBXContainerItemProxy section */
		3B2C41FB22C55531006172BE /* PBXContainerItemProxy */ = {
			isa = PBXContainerItemProxy;
			containerPortal = 607FACC81AFB9204008FA782 /* Project object */;
			proxyType = 1;
			remoteGlobalIDString = 607FACCF1AFB9204008FA782;
			remoteInfo = CardScan_Example;
		};
		3BE269812278DF3800199C31 /* PBXContainerItemProxy */ = {
			isa = PBXContainerItemProxy;
			containerPortal = 607FACC81AFB9204008FA782 /* Project object */;
			proxyType = 1;
			remoteGlobalIDString = 607FACCF1AFB9204008FA782;
			remoteInfo = CardScan_Example;
		};
/* End PBXContainerItemProxy section */

/* Begin PBXFileReference section */
		1EC7DB4097DACE82DB203C14 /* Pods-CardScan_Example.release.xcconfig */ = {isa = PBXFileReference; includeInIndex = 1; lastKnownFileType = text.xcconfig; name = "Pods-CardScan_Example.release.xcconfig"; path = "Target Support Files/Pods-CardScan_Example/Pods-CardScan_Example.release.xcconfig"; sourceTree = "<group>"; };
		39CA34DF8B2C20EFC6C2477B /* Pods-CardScan_ExampleTests.debug.xcconfig */ = {isa = PBXFileReference; includeInIndex = 1; lastKnownFileType = text.xcconfig; name = "Pods-CardScan_ExampleTests.debug.xcconfig"; path = "Target Support Files/Pods-CardScan_ExampleTests/Pods-CardScan_ExampleTests.debug.xcconfig"; sourceTree = "<group>"; };
		3B2741C4219F99B700BFA3D2 /* ResultViewController.swift */ = {isa = PBXFileReference; lastKnownFileType = sourcecode.swift; path = ResultViewController.swift; sourceTree = "<group>"; };
		3B2C41F622C55530006172BE /* CardScan_ExampleTests.xctest */ = {isa = PBXFileReference; explicitFileType = wrapper.cfbundle; includeInIndex = 0; path = CardScan_ExampleTests.xctest; sourceTree = BUILT_PRODUCTS_DIR; };
		3B2C41F822C55531006172BE /* CardScan_ExampleTests.swift */ = {isa = PBXFileReference; lastKnownFileType = sourcecode.swift; path = CardScan_ExampleTests.swift; sourceTree = "<group>"; };
		3B2C41FA22C55531006172BE /* Info.plist */ = {isa = PBXFileReference; lastKnownFileType = text.plist.xml; path = Info.plist; sourceTree = "<group>"; };
		3BE2697C2278DF3800199C31 /* CardScan_ExampleUITests.xctest */ = {isa = PBXFileReference; explicitFileType = wrapper.cfbundle; includeInIndex = 0; path = CardScan_ExampleUITests.xctest; sourceTree = BUILT_PRODUCTS_DIR; };
		3BE2697E2278DF3800199C31 /* CardScan_ExampleUITests.swift */ = {isa = PBXFileReference; lastKnownFileType = sourcecode.swift; path = CardScan_ExampleUITests.swift; sourceTree = "<group>"; };
		3BE269802278DF3800199C31 /* Info.plist */ = {isa = PBXFileReference; lastKnownFileType = text.plist.xml; path = Info.plist; sourceTree = "<group>"; };
		47564D976FA7CA382E9B38D2 /* README.md */ = {isa = PBXFileReference; includeInIndex = 1; lastKnownFileType = net.daringfireball.markdown; name = README.md; path = ../README.md; sourceTree = "<group>"; };
		5D7099C6EE7DA8D7292C9F43 /* Pods-CardScan_ExampleTests.release.xcconfig */ = {isa = PBXFileReference; includeInIndex = 1; lastKnownFileType = text.xcconfig; name = "Pods-CardScan_ExampleTests.release.xcconfig"; path = "Target Support Files/Pods-CardScan_ExampleTests/Pods-CardScan_ExampleTests.release.xcconfig"; sourceTree = "<group>"; };
		607FACD01AFB9204008FA782 /* CardScan_Example.app */ = {isa = PBXFileReference; explicitFileType = wrapper.application; includeInIndex = 0; path = CardScan_Example.app; sourceTree = BUILT_PRODUCTS_DIR; };
		607FACD41AFB9204008FA782 /* Info.plist */ = {isa = PBXFileReference; lastKnownFileType = text.plist.xml; path = Info.plist; sourceTree = "<group>"; };
		607FACD51AFB9204008FA782 /* AppDelegate.swift */ = {isa = PBXFileReference; lastKnownFileType = sourcecode.swift; path = AppDelegate.swift; sourceTree = "<group>"; };
		607FACD71AFB9204008FA782 /* ViewController.swift */ = {isa = PBXFileReference; lastKnownFileType = sourcecode.swift; path = ViewController.swift; sourceTree = "<group>"; };
		607FACDA1AFB9204008FA782 /* Base */ = {isa = PBXFileReference; lastKnownFileType = file.storyboard; name = Base; path = Base.lproj/Main.storyboard; sourceTree = "<group>"; };
		607FACDC1AFB9204008FA782 /* Images.xcassets */ = {isa = PBXFileReference; lastKnownFileType = folder.assetcatalog; path = Images.xcassets; sourceTree = "<group>"; };
		607FACDF1AFB9204008FA782 /* Base */ = {isa = PBXFileReference; lastKnownFileType = file.xib; name = Base; path = Base.lproj/LaunchScreen.xib; sourceTree = "<group>"; };
		7E537F9E5F49B710D90F1FE3 /* LICENSE */ = {isa = PBXFileReference; includeInIndex = 1; lastKnownFileType = text; name = LICENSE; path = ../LICENSE; sourceTree = "<group>"; };
		8700C5C2342DF2DA55ECAF8F /* CardScan.podspec */ = {isa = PBXFileReference; includeInIndex = 1; lastKnownFileType = text; name = CardScan.podspec; path = ../CardScan.podspec; sourceTree = "<group>"; xcLanguageSpecificationIdentifier = xcode.lang.ruby; };
		AE17A7756B77B1770A3295F9 /* Pods_CardScan_ExampleTests.framework */ = {isa = PBXFileReference; explicitFileType = wrapper.framework; includeInIndex = 0; path = Pods_CardScan_ExampleTests.framework; sourceTree = BUILT_PRODUCTS_DIR; };
		BDB96CEF7D3ACA685C6EEDC0 /* Pods_CardScan_ExampleUITests.framework */ = {isa = PBXFileReference; explicitFileType = wrapper.framework; includeInIndex = 0; path = Pods_CardScan_ExampleUITests.framework; sourceTree = BUILT_PRODUCTS_DIR; };
		CEAB99683846AFF946286335 /* Pods-CardScan_Example.debug.xcconfig */ = {isa = PBXFileReference; includeInIndex = 1; lastKnownFileType = text.xcconfig; name = "Pods-CardScan_Example.debug.xcconfig"; path = "Target Support Files/Pods-CardScan_Example/Pods-CardScan_Example.debug.xcconfig"; sourceTree = "<group>"; };
		D0205FE9CAE506A64EF13F1A /* Pods-CardScan_ExampleUITests.debug.xcconfig */ = {isa = PBXFileReference; includeInIndex = 1; lastKnownFileType = text.xcconfig; name = "Pods-CardScan_ExampleUITests.debug.xcconfig"; path = "Target Support Files/Pods-CardScan_ExampleUITests/Pods-CardScan_ExampleUITests.debug.xcconfig"; sourceTree = "<group>"; };
		EBA35643249C8E0500CF6194 /* CardScanDD_BundleTests.swift */ = {isa = PBXFileReference; lastKnownFileType = sourcecode.swift; path = CardScanDD_BundleTests.swift; sourceTree = "<group>"; };
		EBA35645249DDDDC00CF6194 /* CardScanDD_ModelTests.swift */ = {isa = PBXFileReference; lastKnownFileType = sourcecode.swift; path = CardScanDD_ModelTests.swift; sourceTree = "<group>"; };
		EFC4AF881BD9C60F9B02584D /* Pods-CardScan_ExampleUITests.release.xcconfig */ = {isa = PBXFileReference; includeInIndex = 1; lastKnownFileType = text.xcconfig; name = "Pods-CardScan_ExampleUITests.release.xcconfig"; path = "Target Support Files/Pods-CardScan_ExampleUITests/Pods-CardScan_ExampleUITests.release.xcconfig"; sourceTree = "<group>"; };
		F3594275248784A00063A362 /* ModalNavViewController.swift */ = {isa = PBXFileReference; lastKnownFileType = sourcecode.swift; path = ModalNavViewController.swift; sourceTree = "<group>"; };
		F3594277248784C40063A362 /* ModalScanViewController.swift */ = {isa = PBXFileReference; lastKnownFileType = sourcecode.swift; path = ModalScanViewController.swift; sourceTree = "<group>"; };
		F3BF1C5B22D51AAA002A2575 /* CardScan_BundleTests.swift */ = {isa = PBXFileReference; fileEncoding = 4; lastKnownFileType = sourcecode.swift; path = CardScan_BundleTests.swift; sourceTree = "<group>"; };
		F3FA026F23A814C4002A8169 /* CardScan_CardUtilsTests.swift */ = {isa = PBXFileReference; lastKnownFileType = sourcecode.swift; path = CardScan_CardUtilsTests.swift; sourceTree = "<group>"; };
		FDCA90BA2C77F14EF08D1026 /* Pods_CardScan_Example.framework */ = {isa = PBXFileReference; explicitFileType = wrapper.framework; includeInIndex = 0; path = Pods_CardScan_Example.framework; sourceTree = BUILT_PRODUCTS_DIR; };
/* End PBXFileReference section */

/* Begin PBXFrameworksBuildPhase section */
		3B2C41F322C55530006172BE /* Frameworks */ = {
			isa = PBXFrameworksBuildPhase;
			buildActionMask = 2147483647;
			files = (
				D429AFDEA48FC19F87687EE7 /* Pods_CardScan_ExampleTests.framework in Frameworks */,
			);
			runOnlyForDeploymentPostprocessing = 0;
		};
		3BE269792278DF3800199C31 /* Frameworks */ = {
			isa = PBXFrameworksBuildPhase;
			buildActionMask = 2147483647;
			files = (
				AE9D9D56237E3E6BF05E2BF6 /* Pods_CardScan_ExampleUITests.framework in Frameworks */,
			);
			runOnlyForDeploymentPostprocessing = 0;
		};
		607FACCD1AFB9204008FA782 /* Frameworks */ = {
			isa = PBXFrameworksBuildPhase;
			buildActionMask = 2147483647;
			files = (
				D69443EF2DE5EDA4E180206C /* Pods_CardScan_Example.framework in Frameworks */,
			);
			runOnlyForDeploymentPostprocessing = 0;
		};
/* End PBXFrameworksBuildPhase section */

/* Begin PBXGroup section */
		3B2C41F722C55531006172BE /* CardScan_ExampleTests */ = {
			isa = PBXGroup;
			children = (
				F3BF1C5B22D51AAA002A2575 /* CardScan_BundleTests.swift */,
				3B2C41F822C55531006172BE /* CardScan_ExampleTests.swift */,
				3B2C41FA22C55531006172BE /* Info.plist */,
				F3FA026F23A814C4002A8169 /* CardScan_CardUtilsTests.swift */,
				EBA35643249C8E0500CF6194 /* CardScanDD_BundleTests.swift */,
				EBA35645249DDDDC00CF6194 /* CardScanDD_ModelTests.swift */,
			);
			path = CardScan_ExampleTests;
			sourceTree = "<group>";
		};
		3BE2697D2278DF3800199C31 /* CardScan_ExampleUITests */ = {
			isa = PBXGroup;
			children = (
				3BE2697E2278DF3800199C31 /* CardScan_ExampleUITests.swift */,
				3BE269802278DF3800199C31 /* Info.plist */,
			);
			path = CardScan_ExampleUITests;
			sourceTree = "<group>";
		};
		607FACC71AFB9204008FA782 = {
			isa = PBXGroup;
			children = (
				607FACF51AFB993E008FA782 /* Podspec Metadata */,
				607FACD21AFB9204008FA782 /* Example for CardScan */,
				3BE2697D2278DF3800199C31 /* CardScan_ExampleUITests */,
				3B2C41F722C55531006172BE /* CardScan_ExampleTests */,
				607FACD11AFB9204008FA782 /* Products */,
				E61C28640C770422EBD5FD4D /* Pods */,
				B527667AC0B90E104FE1A2E0 /* Frameworks */,
			);
			sourceTree = "<group>";
		};
		607FACD11AFB9204008FA782 /* Products */ = {
			isa = PBXGroup;
			children = (
				607FACD01AFB9204008FA782 /* CardScan_Example.app */,
				3BE2697C2278DF3800199C31 /* CardScan_ExampleUITests.xctest */,
				3B2C41F622C55530006172BE /* CardScan_ExampleTests.xctest */,
			);
			name = Products;
			sourceTree = "<group>";
		};
		607FACD21AFB9204008FA782 /* Example for CardScan */ = {
			isa = PBXGroup;
			children = (
				607FACD51AFB9204008FA782 /* AppDelegate.swift */,
				607FACD71AFB9204008FA782 /* ViewController.swift */,
				3B2741C4219F99B700BFA3D2 /* ResultViewController.swift */,
				607FACD91AFB9204008FA782 /* Main.storyboard */,
				607FACDC1AFB9204008FA782 /* Images.xcassets */,
				607FACDE1AFB9204008FA782 /* LaunchScreen.xib */,
				607FACD31AFB9204008FA782 /* Supporting Files */,
				F3594275248784A00063A362 /* ModalNavViewController.swift */,
				F3594277248784C40063A362 /* ModalScanViewController.swift */,
			);
			name = "Example for CardScan";
			path = CardScan;
			sourceTree = "<group>";
		};
		607FACD31AFB9204008FA782 /* Supporting Files */ = {
			isa = PBXGroup;
			children = (
				607FACD41AFB9204008FA782 /* Info.plist */,
			);
			name = "Supporting Files";
			sourceTree = "<group>";
		};
		607FACF51AFB993E008FA782 /* Podspec Metadata */ = {
			isa = PBXGroup;
			children = (
				8700C5C2342DF2DA55ECAF8F /* CardScan.podspec */,
				47564D976FA7CA382E9B38D2 /* README.md */,
				7E537F9E5F49B710D90F1FE3 /* LICENSE */,
			);
			name = "Podspec Metadata";
			sourceTree = "<group>";
		};
		B527667AC0B90E104FE1A2E0 /* Frameworks */ = {
			isa = PBXGroup;
			children = (
				FDCA90BA2C77F14EF08D1026 /* Pods_CardScan_Example.framework */,
				AE17A7756B77B1770A3295F9 /* Pods_CardScan_ExampleTests.framework */,
				BDB96CEF7D3ACA685C6EEDC0 /* Pods_CardScan_ExampleUITests.framework */,
			);
			name = Frameworks;
			sourceTree = "<group>";
		};
		E61C28640C770422EBD5FD4D /* Pods */ = {
			isa = PBXGroup;
			children = (
				CEAB99683846AFF946286335 /* Pods-CardScan_Example.debug.xcconfig */,
				1EC7DB4097DACE82DB203C14 /* Pods-CardScan_Example.release.xcconfig */,
				39CA34DF8B2C20EFC6C2477B /* Pods-CardScan_ExampleTests.debug.xcconfig */,
				5D7099C6EE7DA8D7292C9F43 /* Pods-CardScan_ExampleTests.release.xcconfig */,
				D0205FE9CAE506A64EF13F1A /* Pods-CardScan_ExampleUITests.debug.xcconfig */,
				EFC4AF881BD9C60F9B02584D /* Pods-CardScan_ExampleUITests.release.xcconfig */,
			);
			path = Pods;
			sourceTree = "<group>";
		};
/* End PBXGroup section */

/* Begin PBXNativeTarget section */
		3B2C41F522C55530006172BE /* CardScan_ExampleTests */ = {
			isa = PBXNativeTarget;
			buildConfigurationList = 3B2C41FD22C55531006172BE /* Build configuration list for PBXNativeTarget "CardScan_ExampleTests" */;
			buildPhases = (
				5A63640EC3BCD06D32013943 /* [CP] Check Pods Manifest.lock */,
				3B2C41F222C55530006172BE /* Sources */,
				3B2C41F322C55530006172BE /* Frameworks */,
				3B2C41F422C55530006172BE /* Resources */,
				494BA0D7757C2560F26F648B /* [CP] Embed Pods Frameworks */,
			);
			buildRules = (
			);
			dependencies = (
				3B2C41FC22C55531006172BE /* PBXTargetDependency */,
			);
			name = CardScan_ExampleTests;
			productName = CardScan_ExampleTests;
			productReference = 3B2C41F622C55530006172BE /* CardScan_ExampleTests.xctest */;
			productType = "com.apple.product-type.bundle.unit-test";
		};
		3BE2697B2278DF3800199C31 /* CardScan_ExampleUITests */ = {
			isa = PBXNativeTarget;
			buildConfigurationList = 3BE269852278DF3900199C31 /* Build configuration list for PBXNativeTarget "CardScan_ExampleUITests" */;
			buildPhases = (
				D43AF0A0D643E639D187A0F2 /* [CP] Check Pods Manifest.lock */,
				3BE269782278DF3800199C31 /* Sources */,
				3BE269792278DF3800199C31 /* Frameworks */,
				3BE2697A2278DF3800199C31 /* Resources */,
				C8EEA020C93B547002F4B7D8 /* [CP] Embed Pods Frameworks */,
			);
			buildRules = (
			);
			dependencies = (
				3BE269822278DF3800199C31 /* PBXTargetDependency */,
			);
			name = CardScan_ExampleUITests;
			productName = CardScan_ExampleUITests;
			productReference = 3BE2697C2278DF3800199C31 /* CardScan_ExampleUITests.xctest */;
			productType = "com.apple.product-type.bundle.ui-testing";
		};
		607FACCF1AFB9204008FA782 /* CardScan_Example */ = {
			isa = PBXNativeTarget;
			buildConfigurationList = 607FACEF1AFB9204008FA782 /* Build configuration list for PBXNativeTarget "CardScan_Example" */;
			buildPhases = (
				A3FA6F6EAFA03EED1D02E150 /* [CP] Check Pods Manifest.lock */,
				607FACCC1AFB9204008FA782 /* Sources */,
				607FACCD1AFB9204008FA782 /* Frameworks */,
				607FACCE1AFB9204008FA782 /* Resources */,
				27177A250CBB1F1D6530B088 /* [CP] Embed Pods Frameworks */,
			);
			buildRules = (
			);
			dependencies = (
			);
			name = CardScan_Example;
			productName = CardScan;
			productReference = 607FACD01AFB9204008FA782 /* CardScan_Example.app */;
			productType = "com.apple.product-type.application";
		};
/* End PBXNativeTarget section */

/* Begin PBXProject section */
		607FACC81AFB9204008FA782 /* Project object */ = {
			isa = PBXProject;
			attributes = {
				LastSwiftUpdateCheck = 1020;
				LastUpgradeCheck = 1020;
				ORGANIZATIONNAME = CocoaPods;
				TargetAttributes = {
					3B2C41F522C55530006172BE = {
						CreatedOnToolsVersion = 10.2.1;
						DevelopmentTeam = 58Q7WV8B48;
						ProvisioningStyle = Automatic;
						TestTargetID = 607FACCF1AFB9204008FA782;
					};
					3BE2697B2278DF3800199C31 = {
						CreatedOnToolsVersion = 10.2.1;
						DevelopmentTeam = 58Q7WV8B48;
						ProvisioningStyle = Automatic;
						TestTargetID = 607FACCF1AFB9204008FA782;
					};
					607FACCF1AFB9204008FA782 = {
						CreatedOnToolsVersion = 6.3.1;
						DevelopmentTeam = 58Q7WV8B48;
						LastSwiftMigration = 1140;
					};
				};
			};
			buildConfigurationList = 607FACCB1AFB9204008FA782 /* Build configuration list for PBXProject "CardScan" */;
			compatibilityVersion = "Xcode 3.2";
			developmentRegion = en;
			hasScannedForEncodings = 0;
			knownRegions = (
				en,
				Base,
			);
			mainGroup = 607FACC71AFB9204008FA782;
			productRefGroup = 607FACD11AFB9204008FA782 /* Products */;
			projectDirPath = "";
			projectRoot = "";
			targets = (
				607FACCF1AFB9204008FA782 /* CardScan_Example */,
				3BE2697B2278DF3800199C31 /* CardScan_ExampleUITests */,
				3B2C41F522C55530006172BE /* CardScan_ExampleTests */,
			);
		};
/* End PBXProject section */

/* Begin PBXResourcesBuildPhase section */
		3B2C41F422C55530006172BE /* Resources */ = {
			isa = PBXResourcesBuildPhase;
			buildActionMask = 2147483647;
			files = (
			);
			runOnlyForDeploymentPostprocessing = 0;
		};
		3BE2697A2278DF3800199C31 /* Resources */ = {
			isa = PBXResourcesBuildPhase;
			buildActionMask = 2147483647;
			files = (
			);
			runOnlyForDeploymentPostprocessing = 0;
		};
		607FACCE1AFB9204008FA782 /* Resources */ = {
			isa = PBXResourcesBuildPhase;
			buildActionMask = 2147483647;
			files = (
				607FACDB1AFB9204008FA782 /* Main.storyboard in Resources */,
				607FACE01AFB9204008FA782 /* LaunchScreen.xib in Resources */,
				607FACDD1AFB9204008FA782 /* Images.xcassets in Resources */,
			);
			runOnlyForDeploymentPostprocessing = 0;
		};
/* End PBXResourcesBuildPhase section */

/* Begin PBXShellScriptBuildPhase section */
		27177A250CBB1F1D6530B088 /* [CP] Embed Pods Frameworks */ = {
			isa = PBXShellScriptBuildPhase;
			buildActionMask = 2147483647;
			files = (
			);
			inputPaths = (
				"${PODS_ROOT}/Target Support Files/Pods-CardScan_Example/Pods-CardScan_Example-frameworks.sh",
				"${BUILT_PRODUCTS_DIR}/CardScan/CardScan.framework",
			);
			name = "[CP] Embed Pods Frameworks";
			outputPaths = (
				"${TARGET_BUILD_DIR}/${FRAMEWORKS_FOLDER_PATH}/CardScan.framework",
			);
			runOnlyForDeploymentPostprocessing = 0;
			shellPath = /bin/sh;
			shellScript = "\"${PODS_ROOT}/Target Support Files/Pods-CardScan_Example/Pods-CardScan_Example-frameworks.sh\"\n";
			showEnvVarsInLog = 0;
		};
		494BA0D7757C2560F26F648B /* [CP] Embed Pods Frameworks */ = {
			isa = PBXShellScriptBuildPhase;
			buildActionMask = 2147483647;
			files = (
			);
			inputPaths = (
				"${PODS_ROOT}/Target Support Files/Pods-CardScan_ExampleTests/Pods-CardScan_ExampleTests-frameworks.sh",
				"${BUILT_PRODUCTS_DIR}/CardScan/CardScan.framework",
			);
			name = "[CP] Embed Pods Frameworks";
			outputPaths = (
				"${TARGET_BUILD_DIR}/${FRAMEWORKS_FOLDER_PATH}/CardScan.framework",
			);
			runOnlyForDeploymentPostprocessing = 0;
			shellPath = /bin/sh;
			shellScript = "\"${PODS_ROOT}/Target Support Files/Pods-CardScan_ExampleTests/Pods-CardScan_ExampleTests-frameworks.sh\"\n";
			showEnvVarsInLog = 0;
		};
		5A63640EC3BCD06D32013943 /* [CP] Check Pods Manifest.lock */ = {
			isa = PBXShellScriptBuildPhase;
			buildActionMask = 2147483647;
			files = (
			);
			inputFileListPaths = (
			);
			inputPaths = (
				"${PODS_PODFILE_DIR_PATH}/Podfile.lock",
				"${PODS_ROOT}/Manifest.lock",
			);
			name = "[CP] Check Pods Manifest.lock";
			outputFileListPaths = (
			);
			outputPaths = (
				"$(DERIVED_FILE_DIR)/Pods-CardScan_ExampleTests-checkManifestLockResult.txt",
			);
			runOnlyForDeploymentPostprocessing = 0;
			shellPath = /bin/sh;
			shellScript = "diff \"${PODS_PODFILE_DIR_PATH}/Podfile.lock\" \"${PODS_ROOT}/Manifest.lock\" > /dev/null\nif [ $? != 0 ] ; then\n    # print error to STDERR\n    echo \"error: The sandbox is not in sync with the Podfile.lock. Run 'pod install' or update your CocoaPods installation.\" >&2\n    exit 1\nfi\n# This output is used by Xcode 'outputs' to avoid re-running this script phase.\necho \"SUCCESS\" > \"${SCRIPT_OUTPUT_FILE_0}\"\n";
			showEnvVarsInLog = 0;
		};
		A3FA6F6EAFA03EED1D02E150 /* [CP] Check Pods Manifest.lock */ = {
			isa = PBXShellScriptBuildPhase;
			buildActionMask = 2147483647;
			files = (
			);
			inputFileListPaths = (
			);
			inputPaths = (
				"${PODS_PODFILE_DIR_PATH}/Podfile.lock",
				"${PODS_ROOT}/Manifest.lock",
			);
			name = "[CP] Check Pods Manifest.lock";
			outputFileListPaths = (
			);
			outputPaths = (
				"$(DERIVED_FILE_DIR)/Pods-CardScan_Example-checkManifestLockResult.txt",
			);
			runOnlyForDeploymentPostprocessing = 0;
			shellPath = /bin/sh;
			shellScript = "diff \"${PODS_PODFILE_DIR_PATH}/Podfile.lock\" \"${PODS_ROOT}/Manifest.lock\" > /dev/null\nif [ $? != 0 ] ; then\n    # print error to STDERR\n    echo \"error: The sandbox is not in sync with the Podfile.lock. Run 'pod install' or update your CocoaPods installation.\" >&2\n    exit 1\nfi\n# This output is used by Xcode 'outputs' to avoid re-running this script phase.\necho \"SUCCESS\" > \"${SCRIPT_OUTPUT_FILE_0}\"\n";
			showEnvVarsInLog = 0;
		};
		C8EEA020C93B547002F4B7D8 /* [CP] Embed Pods Frameworks */ = {
			isa = PBXShellScriptBuildPhase;
			buildActionMask = 2147483647;
			files = (
			);
			inputPaths = (
				"${PODS_ROOT}/Target Support Files/Pods-CardScan_ExampleUITests/Pods-CardScan_ExampleUITests-frameworks.sh",
				"${BUILT_PRODUCTS_DIR}/CardScan/CardScan.framework",
			);
			name = "[CP] Embed Pods Frameworks";
			outputPaths = (
				"${TARGET_BUILD_DIR}/${FRAMEWORKS_FOLDER_PATH}/CardScan.framework",
			);
			runOnlyForDeploymentPostprocessing = 0;
			shellPath = /bin/sh;
			shellScript = "\"${PODS_ROOT}/Target Support Files/Pods-CardScan_ExampleUITests/Pods-CardScan_ExampleUITests-frameworks.sh\"\n";
			showEnvVarsInLog = 0;
		};
		D43AF0A0D643E639D187A0F2 /* [CP] Check Pods Manifest.lock */ = {
			isa = PBXShellScriptBuildPhase;
			buildActionMask = 2147483647;
			files = (
			);
			inputFileListPaths = (
			);
			inputPaths = (
				"${PODS_PODFILE_DIR_PATH}/Podfile.lock",
				"${PODS_ROOT}/Manifest.lock",
			);
			name = "[CP] Check Pods Manifest.lock";
			outputFileListPaths = (
			);
			outputPaths = (
				"$(DERIVED_FILE_DIR)/Pods-CardScan_ExampleUITests-checkManifestLockResult.txt",
			);
			runOnlyForDeploymentPostprocessing = 0;
			shellPath = /bin/sh;
			shellScript = "diff \"${PODS_PODFILE_DIR_PATH}/Podfile.lock\" \"${PODS_ROOT}/Manifest.lock\" > /dev/null\nif [ $? != 0 ] ; then\n    # print error to STDERR\n    echo \"error: The sandbox is not in sync with the Podfile.lock. Run 'pod install' or update your CocoaPods installation.\" >&2\n    exit 1\nfi\n# This output is used by Xcode 'outputs' to avoid re-running this script phase.\necho \"SUCCESS\" > \"${SCRIPT_OUTPUT_FILE_0}\"\n";
			showEnvVarsInLog = 0;
		};
/* End PBXShellScriptBuildPhase section */

/* Begin PBXSourcesBuildPhase section */
		3B2C41F222C55530006172BE /* Sources */ = {
			isa = PBXSourcesBuildPhase;
			buildActionMask = 2147483647;
			files = (
				F3BF1C5C22D51AAA002A2575 /* CardScan_BundleTests.swift in Sources */,
				3B2C41F922C55531006172BE /* CardScan_ExampleTests.swift in Sources */,
				EBA35644249C8E0500CF6194 /* CardScanDD_BundleTests.swift in Sources */,
				F3FA027023A814C4002A8169 /* CardScan_CardUtilsTests.swift in Sources */,
				EBA35646249DDDDC00CF6194 /* CardScanDD_ModelTests.swift in Sources */,
			);
			runOnlyForDeploymentPostprocessing = 0;
		};
		3BE269782278DF3800199C31 /* Sources */ = {
			isa = PBXSourcesBuildPhase;
			buildActionMask = 2147483647;
			files = (
				3BE2697F2278DF3800199C31 /* CardScan_ExampleUITests.swift in Sources */,
			);
			runOnlyForDeploymentPostprocessing = 0;
		};
		607FACCC1AFB9204008FA782 /* Sources */ = {
			isa = PBXSourcesBuildPhase;
			buildActionMask = 2147483647;
			files = (
				F3594276248784A00063A362 /* ModalNavViewController.swift in Sources */,
				F3594278248784C40063A362 /* ModalScanViewController.swift in Sources */,
				607FACD81AFB9204008FA782 /* ViewController.swift in Sources */,
				607FACD61AFB9204008FA782 /* AppDelegate.swift in Sources */,
				3B2741C5219F99B700BFA3D2 /* ResultViewController.swift in Sources */,
			);
			runOnlyForDeploymentPostprocessing = 0;
		};
/* End PBXSourcesBuildPhase section */

/* Begin PBXTargetDependency section */
		3B2C41FC22C55531006172BE /* PBXTargetDependency */ = {
			isa = PBXTargetDependency;
			target = 607FACCF1AFB9204008FA782 /* CardScan_Example */;
			targetProxy = 3B2C41FB22C55531006172BE /* PBXContainerItemProxy */;
		};
		3BE269822278DF3800199C31 /* PBXTargetDependency */ = {
			isa = PBXTargetDependency;
			target = 607FACCF1AFB9204008FA782 /* CardScan_Example */;
			targetProxy = 3BE269812278DF3800199C31 /* PBXContainerItemProxy */;
		};
/* End PBXTargetDependency section */

/* Begin PBXVariantGroup section */
		607FACD91AFB9204008FA782 /* Main.storyboard */ = {
			isa = PBXVariantGroup;
			children = (
				607FACDA1AFB9204008FA782 /* Base */,
			);
			name = Main.storyboard;
			sourceTree = "<group>";
		};
		607FACDE1AFB9204008FA782 /* LaunchScreen.xib */ = {
			isa = PBXVariantGroup;
			children = (
				607FACDF1AFB9204008FA782 /* Base */,
			);
			name = LaunchScreen.xib;
			sourceTree = "<group>";
		};
/* End PBXVariantGroup section */

/* Begin XCBuildConfiguration section */
		3B2C41FE22C55531006172BE /* Debug */ = {
			isa = XCBuildConfiguration;
			baseConfigurationReference = 39CA34DF8B2C20EFC6C2477B /* Pods-CardScan_ExampleTests.debug.xcconfig */;
			buildSettings = {
				BUNDLE_LOADER = "$(TEST_HOST)";
				CLANG_ANALYZER_NONNULL = YES;
				CLANG_ANALYZER_NUMBER_OBJECT_CONVERSION = YES_AGGRESSIVE;
				CLANG_CXX_LANGUAGE_STANDARD = "gnu++14";
				CLANG_ENABLE_OBJC_WEAK = YES;
				CLANG_WARN_DOCUMENTATION_COMMENTS = YES;
				CLANG_WARN_UNGUARDED_AVAILABILITY = YES_AGGRESSIVE;
				CODE_SIGN_IDENTITY = "iPhone Developer";
				CODE_SIGN_STYLE = Automatic;
				DEBUG_INFORMATION_FORMAT = dwarf;
				DEVELOPMENT_TEAM = 58Q7WV8B48;
				GCC_C_LANGUAGE_STANDARD = gnu11;
				INFOPLIST_FILE = CardScan_ExampleTests/Info.plist;
				IPHONEOS_DEPLOYMENT_TARGET = 12.2;
				LD_RUNPATH_SEARCH_PATHS = "$(inherited) @executable_path/Frameworks @loader_path/Frameworks";
				MTL_ENABLE_DEBUG_INFO = INCLUDE_SOURCE;
				MTL_FAST_MATH = YES;
				PRODUCT_BUNDLE_IDENTIFIER = "com.getgrowthmetrics.CardScan-ExampleTests";
				PRODUCT_NAME = "$(TARGET_NAME)";
				SWIFT_ACTIVE_COMPILATION_CONDITIONS = DEBUG;
				SWIFT_VERSION = 5.0;
				TARGETED_DEVICE_FAMILY = "1,2";
				TEST_HOST = "$(BUILT_PRODUCTS_DIR)/CardScan_Example.app/CardScan_Example";
			};
			name = Debug;
		};
		3B2C41FF22C55531006172BE /* Release */ = {
			isa = XCBuildConfiguration;
			baseConfigurationReference = 5D7099C6EE7DA8D7292C9F43 /* Pods-CardScan_ExampleTests.release.xcconfig */;
			buildSettings = {
				BUNDLE_LOADER = "$(TEST_HOST)";
				CLANG_ANALYZER_NONNULL = YES;
				CLANG_ANALYZER_NUMBER_OBJECT_CONVERSION = YES_AGGRESSIVE;
				CLANG_CXX_LANGUAGE_STANDARD = "gnu++14";
				CLANG_ENABLE_OBJC_WEAK = YES;
				CLANG_WARN_DOCUMENTATION_COMMENTS = YES;
				CLANG_WARN_UNGUARDED_AVAILABILITY = YES_AGGRESSIVE;
				CODE_SIGN_IDENTITY = "iPhone Developer";
				CODE_SIGN_STYLE = Automatic;
				DEVELOPMENT_TEAM = 58Q7WV8B48;
				GCC_C_LANGUAGE_STANDARD = gnu11;
				INFOPLIST_FILE = CardScan_ExampleTests/Info.plist;
				IPHONEOS_DEPLOYMENT_TARGET = 12.2;
				LD_RUNPATH_SEARCH_PATHS = "$(inherited) @executable_path/Frameworks @loader_path/Frameworks";
				MTL_FAST_MATH = YES;
				PRODUCT_BUNDLE_IDENTIFIER = "com.getgrowthmetrics.CardScan-ExampleTests";
				PRODUCT_NAME = "$(TARGET_NAME)";
				SWIFT_VERSION = 5.0;
				TARGETED_DEVICE_FAMILY = "1,2";
				TEST_HOST = "$(BUILT_PRODUCTS_DIR)/CardScan_Example.app/CardScan_Example";
			};
			name = Release;
		};
		3BE269832278DF3900199C31 /* Debug */ = {
			isa = XCBuildConfiguration;
			baseConfigurationReference = D0205FE9CAE506A64EF13F1A /* Pods-CardScan_ExampleUITests.debug.xcconfig */;
			buildSettings = {
				CLANG_ANALYZER_NONNULL = YES;
				CLANG_ANALYZER_NUMBER_OBJECT_CONVERSION = YES_AGGRESSIVE;
				CLANG_CXX_LANGUAGE_STANDARD = "gnu++14";
				CLANG_ENABLE_OBJC_WEAK = YES;
				CLANG_WARN_DOCUMENTATION_COMMENTS = YES;
				CLANG_WARN_UNGUARDED_AVAILABILITY = YES_AGGRESSIVE;
				CODE_SIGN_IDENTITY = "iPhone Developer";
				CODE_SIGN_STYLE = Automatic;
				DEBUG_INFORMATION_FORMAT = dwarf;
				DEVELOPMENT_TEAM = 58Q7WV8B48;
				GCC_C_LANGUAGE_STANDARD = gnu11;
				INFOPLIST_FILE = CardScan_ExampleUITests/Info.plist;
				IPHONEOS_DEPLOYMENT_TARGET = 12.2;
				LD_RUNPATH_SEARCH_PATHS = "$(inherited) @executable_path/Frameworks @loader_path/Frameworks";
				MTL_ENABLE_DEBUG_INFO = INCLUDE_SOURCE;
				MTL_FAST_MATH = YES;
				PRODUCT_BUNDLE_IDENTIFIER = "com.getgrowthmetrics.CardScan-ExampleUITests";
				PRODUCT_NAME = "$(TARGET_NAME)";
				SWIFT_ACTIVE_COMPILATION_CONDITIONS = DEBUG;
				SWIFT_VERSION = 5.0;
				TARGETED_DEVICE_FAMILY = "1,2";
				TEST_TARGET_NAME = CardScan_Example;
			};
			name = Debug;
		};
		3BE269842278DF3900199C31 /* Release */ = {
			isa = XCBuildConfiguration;
			baseConfigurationReference = EFC4AF881BD9C60F9B02584D /* Pods-CardScan_ExampleUITests.release.xcconfig */;
			buildSettings = {
				CLANG_ANALYZER_NONNULL = YES;
				CLANG_ANALYZER_NUMBER_OBJECT_CONVERSION = YES_AGGRESSIVE;
				CLANG_CXX_LANGUAGE_STANDARD = "gnu++14";
				CLANG_ENABLE_OBJC_WEAK = YES;
				CLANG_WARN_DOCUMENTATION_COMMENTS = YES;
				CLANG_WARN_UNGUARDED_AVAILABILITY = YES_AGGRESSIVE;
				CODE_SIGN_IDENTITY = "iPhone Developer";
				CODE_SIGN_STYLE = Automatic;
				DEVELOPMENT_TEAM = 58Q7WV8B48;
				GCC_C_LANGUAGE_STANDARD = gnu11;
				INFOPLIST_FILE = CardScan_ExampleUITests/Info.plist;
				IPHONEOS_DEPLOYMENT_TARGET = 12.2;
				LD_RUNPATH_SEARCH_PATHS = "$(inherited) @executable_path/Frameworks @loader_path/Frameworks";
				MTL_FAST_MATH = YES;
				PRODUCT_BUNDLE_IDENTIFIER = "com.getgrowthmetrics.CardScan-ExampleUITests";
				PRODUCT_NAME = "$(TARGET_NAME)";
				SWIFT_VERSION = 5.0;
				TARGETED_DEVICE_FAMILY = "1,2";
				TEST_TARGET_NAME = CardScan_Example;
			};
			name = Release;
		};
		607FACED1AFB9204008FA782 /* Debug */ = {
			isa = XCBuildConfiguration;
			buildSettings = {
				ALWAYS_SEARCH_USER_PATHS = NO;
				CLANG_ANALYZER_LOCALIZABILITY_NONLOCALIZED = YES;
				CLANG_CXX_LANGUAGE_STANDARD = "gnu++0x";
				CLANG_CXX_LIBRARY = "libc++";
				CLANG_ENABLE_MODULES = YES;
				CLANG_ENABLE_OBJC_ARC = YES;
				CLANG_WARN_BLOCK_CAPTURE_AUTORELEASING = YES;
				CLANG_WARN_BOOL_CONVERSION = YES;
				CLANG_WARN_COMMA = YES;
				CLANG_WARN_CONSTANT_CONVERSION = YES;
				CLANG_WARN_DEPRECATED_OBJC_IMPLEMENTATIONS = YES;
				CLANG_WARN_DIRECT_OBJC_ISA_USAGE = YES_ERROR;
				CLANG_WARN_EMPTY_BODY = YES;
				CLANG_WARN_ENUM_CONVERSION = YES;
				CLANG_WARN_INFINITE_RECURSION = YES;
				CLANG_WARN_INT_CONVERSION = YES;
				CLANG_WARN_NON_LITERAL_NULL_CONVERSION = YES;
				CLANG_WARN_OBJC_IMPLICIT_RETAIN_SELF = YES;
				CLANG_WARN_OBJC_LITERAL_CONVERSION = YES;
				CLANG_WARN_OBJC_ROOT_CLASS = YES_ERROR;
				CLANG_WARN_RANGE_LOOP_ANALYSIS = YES;
				CLANG_WARN_STRICT_PROTOTYPES = YES;
				CLANG_WARN_SUSPICIOUS_MOVE = YES;
				CLANG_WARN_UNREACHABLE_CODE = YES;
				CLANG_WARN__DUPLICATE_METHOD_MATCH = YES;
				"CODE_SIGN_IDENTITY[sdk=iphoneos*]" = "iPhone Developer";
				COPY_PHASE_STRIP = NO;
				DEBUG_INFORMATION_FORMAT = "dwarf-with-dsym";
				ENABLE_STRICT_OBJC_MSGSEND = YES;
				ENABLE_TESTABILITY = YES;
				GCC_C_LANGUAGE_STANDARD = gnu99;
				GCC_DYNAMIC_NO_PIC = NO;
				GCC_NO_COMMON_BLOCKS = YES;
				GCC_OPTIMIZATION_LEVEL = 0;
				GCC_PREPROCESSOR_DEFINITIONS = (
					"DEBUG=1",
					"$(inherited)",
				);
				GCC_SYMBOLS_PRIVATE_EXTERN = NO;
				GCC_WARN_64_TO_32_BIT_CONVERSION = YES;
				GCC_WARN_ABOUT_RETURN_TYPE = YES_ERROR;
				GCC_WARN_UNDECLARED_SELECTOR = YES;
				GCC_WARN_UNINITIALIZED_AUTOS = YES_AGGRESSIVE;
				GCC_WARN_UNUSED_FUNCTION = YES;
				GCC_WARN_UNUSED_VARIABLE = YES;
				IPHONEOS_DEPLOYMENT_TARGET = 10.0;
				MTL_ENABLE_DEBUG_INFO = YES;
				ONLY_ACTIVE_ARCH = YES;
				SDKROOT = iphoneos;
				SWIFT_OPTIMIZATION_LEVEL = "-Onone";
			};
			name = Debug;
		};
		607FACEE1AFB9204008FA782 /* Release */ = {
			isa = XCBuildConfiguration;
			buildSettings = {
				ALWAYS_SEARCH_USER_PATHS = NO;
				CLANG_ANALYZER_LOCALIZABILITY_NONLOCALIZED = YES;
				CLANG_CXX_LANGUAGE_STANDARD = "gnu++0x";
				CLANG_CXX_LIBRARY = "libc++";
				CLANG_ENABLE_MODULES = YES;
				CLANG_ENABLE_OBJC_ARC = YES;
				CLANG_WARN_BLOCK_CAPTURE_AUTORELEASING = YES;
				CLANG_WARN_BOOL_CONVERSION = YES;
				CLANG_WARN_COMMA = YES;
				CLANG_WARN_CONSTANT_CONVERSION = YES;
				CLANG_WARN_DEPRECATED_OBJC_IMPLEMENTATIONS = YES;
				CLANG_WARN_DIRECT_OBJC_ISA_USAGE = YES_ERROR;
				CLANG_WARN_EMPTY_BODY = YES;
				CLANG_WARN_ENUM_CONVERSION = YES;
				CLANG_WARN_INFINITE_RECURSION = YES;
				CLANG_WARN_INT_CONVERSION = YES;
				CLANG_WARN_NON_LITERAL_NULL_CONVERSION = YES;
				CLANG_WARN_OBJC_IMPLICIT_RETAIN_SELF = YES;
				CLANG_WARN_OBJC_LITERAL_CONVERSION = YES;
				CLANG_WARN_OBJC_ROOT_CLASS = YES_ERROR;
				CLANG_WARN_RANGE_LOOP_ANALYSIS = YES;
				CLANG_WARN_STRICT_PROTOTYPES = YES;
				CLANG_WARN_SUSPICIOUS_MOVE = YES;
				CLANG_WARN_UNREACHABLE_CODE = YES;
				CLANG_WARN__DUPLICATE_METHOD_MATCH = YES;
				"CODE_SIGN_IDENTITY[sdk=iphoneos*]" = "iPhone Developer";
				COPY_PHASE_STRIP = NO;
				DEBUG_INFORMATION_FORMAT = "dwarf-with-dsym";
				ENABLE_NS_ASSERTIONS = NO;
				ENABLE_STRICT_OBJC_MSGSEND = YES;
				GCC_C_LANGUAGE_STANDARD = gnu99;
				GCC_NO_COMMON_BLOCKS = YES;
				GCC_WARN_64_TO_32_BIT_CONVERSION = YES;
				GCC_WARN_ABOUT_RETURN_TYPE = YES_ERROR;
				GCC_WARN_UNDECLARED_SELECTOR = YES;
				GCC_WARN_UNINITIALIZED_AUTOS = YES_AGGRESSIVE;
				GCC_WARN_UNUSED_FUNCTION = YES;
				GCC_WARN_UNUSED_VARIABLE = YES;
				IPHONEOS_DEPLOYMENT_TARGET = 10.0;
				MTL_ENABLE_DEBUG_INFO = NO;
				SDKROOT = iphoneos;
				SWIFT_OPTIMIZATION_LEVEL = "-Owholemodule";
				VALIDATE_PRODUCT = YES;
			};
			name = Release;
		};
		607FACF01AFB9204008FA782 /* Debug */ = {
			isa = XCBuildConfiguration;
			baseConfigurationReference = CEAB99683846AFF946286335 /* Pods-CardScan_Example.debug.xcconfig */;
			buildSettings = {
				ASSETCATALOG_COMPILER_APPICON_NAME = AppIcon;
				DEVELOPMENT_TEAM = 58Q7WV8B48;
				INFOPLIST_FILE = CardScan/Info.plist;
				IPHONEOS_DEPLOYMENT_TARGET = 10.0;
				LD_RUNPATH_SEARCH_PATHS = "$(inherited) @executable_path/Frameworks";
				MODULE_NAME = ExampleApp;
				PRODUCT_BUNDLE_IDENTIFIER = "com.xgetgrowthmetrics.CardScan-Example";
				PRODUCT_NAME = "$(TARGET_NAME)";
				SWIFT_SWIFT3_OBJC_INFERENCE = Default;
				SWIFT_VERSION = 5.0;
				TARGETED_DEVICE_FAMILY = "1,2";
			};
			name = Debug;
		};
		607FACF11AFB9204008FA782 /* Release */ = {
			isa = XCBuildConfiguration;
			baseConfigurationReference = 1EC7DB4097DACE82DB203C14 /* Pods-CardScan_Example.release.xcconfig */;
			buildSettings = {
				ASSETCATALOG_COMPILER_APPICON_NAME = AppIcon;
				DEVELOPMENT_TEAM = 58Q7WV8B48;
				INFOPLIST_FILE = CardScan/Info.plist;
				IPHONEOS_DEPLOYMENT_TARGET = 10.0;
				LD_RUNPATH_SEARCH_PATHS = "$(inherited) @executable_path/Frameworks";
				MODULE_NAME = ExampleApp;
				PRODUCT_BUNDLE_IDENTIFIER = "com.xgetgrowthmetrics.CardScan-Example";
				PRODUCT_NAME = "$(TARGET_NAME)";
				SWIFT_SWIFT3_OBJC_INFERENCE = Default;
				SWIFT_VERSION = 5.0;
				TARGETED_DEVICE_FAMILY = "1,2";
			};
			name = Release;
		};
/* End XCBuildConfiguration section */

/* Begin XCConfigurationList section */
		3B2C41FD22C55531006172BE /* Build configuration list for PBXNativeTarget "CardScan_ExampleTests" */ = {
			isa = XCConfigurationList;
			buildConfigurations = (
				3B2C41FE22C55531006172BE /* Debug */,
				3B2C41FF22C55531006172BE /* Release */,
			);
			defaultConfigurationIsVisible = 0;
			defaultConfigurationName = Release;
		};
		3BE269852278DF3900199C31 /* Build configuration list for PBXNativeTarget "CardScan_ExampleUITests" */ = {
			isa = XCConfigurationList;
			buildConfigurations = (
				3BE269832278DF3900199C31 /* Debug */,
				3BE269842278DF3900199C31 /* Release */,
			);
			defaultConfigurationIsVisible = 0;
			defaultConfigurationName = Release;
		};
		607FACCB1AFB9204008FA782 /* Build configuration list for PBXProject "CardScan" */ = {
			isa = XCConfigurationList;
			buildConfigurations = (
				607FACED1AFB9204008FA782 /* Debug */,
				607FACEE1AFB9204008FA782 /* Release */,
			);
			defaultConfigurationIsVisible = 0;
			defaultConfigurationName = Release;
		};
		607FACEF1AFB9204008FA782 /* Build configuration list for PBXNativeTarget "CardScan_Example" */ = {
			isa = XCConfigurationList;
			buildConfigurations = (
				607FACF01AFB9204008FA782 /* Debug */,
				607FACF11AFB9204008FA782 /* Release */,
			);
			defaultConfigurationIsVisible = 0;
			defaultConfigurationName = Release;
		};
/* End XCConfigurationList section */
	};
	rootObject = 607FACC81AFB9204008FA782 /* Project object */;
}
