// !$*UTF8*$!
{
	archiveVersion = 1;
	classes = {
	};
	objectVersion = 50;
	objects = {

/* Begin PBXBuildFile section */
		3B20ED7D2586531D00CBF05E /* AppDelegate.swift in Sources */ = {isa = PBXBuildFile; fileRef = 3B20ED7C2586531D00CBF05E /* AppDelegate.swift */; };
		3B20ED812586531D00CBF05E /* ViewController.swift in Sources */ = {isa = PBXBuildFile; fileRef = 3B20ED802586531D00CBF05E /* ViewController.swift */; };
		3B20ED842586531D00CBF05E /* Main.storyboard in Resources */ = {isa = PBXBuildFile; fileRef = 3B20ED822586531D00CBF05E /* Main.storyboard */; };
		3B20ED892586532100CBF05E /* LaunchScreen.storyboard in Resources */ = {isa = PBXBuildFile; fileRef = 3B20ED872586532100CBF05E /* LaunchScreen.storyboard */; };
		3B20EDAE2586545500CBF05E /* CardScan.framework in Frameworks */ = {isa = PBXBuildFile; fileRef = 3B20EDAD2586545500CBF05E /* CardScan.framework */; };
		3B20EDAF2586545500CBF05E /* CardScan.framework in Embed Frameworks */ = {isa = PBXBuildFile; fileRef = 3B20EDAD2586545500CBF05E /* CardScan.framework */; settings = {ATTRIBUTES = (CodeSignOnCopy, RemoveHeadersOnCopy, ); }; };
		3B20EE5925865CAE00CBF05E /* ModalScanViewController.swift in Sources */ = {isa = PBXBuildFile; fileRef = 3B20EE5625865CAE00CBF05E /* ModalScanViewController.swift */; };
		3B20EE5A25865CAE00CBF05E /* ModalNavViewController.swift in Sources */ = {isa = PBXBuildFile; fileRef = 3B20EE5725865CAE00CBF05E /* ModalNavViewController.swift */; };
		3B20EE5B25865CAE00CBF05E /* ResultViewController.swift in Sources */ = {isa = PBXBuildFile; fileRef = 3B20EE5825865CAE00CBF05E /* ResultViewController.swift */; };
		3B20EE5D25865D1400CBF05E /* Images.xcassets in Resources */ = {isa = PBXBuildFile; fileRef = 3B20EE5C25865D1400CBF05E /* Images.xcassets */; };
		3BB80998258768C800C244EA /* CardScanDD_BundleTests.swift in Sources */ = {isa = PBXBuildFile; fileRef = 3BB80991258768C700C244EA /* CardScanDD_BundleTests.swift */; };
		3BB80999258768C800C244EA /* CardScanDD_OCRTest.swift in Sources */ = {isa = PBXBuildFile; fileRef = 3BB80992258768C800C244EA /* CardScanDD_OCRTest.swift */; };
		3BB8099A258768C800C244EA /* CardScan_ModelDownloadConfigTests.swift in Sources */ = {isa = PBXBuildFile; fileRef = 3BB80993258768C800C244EA /* CardScan_ModelDownloadConfigTests.swift */; };
		3BB8099B258768C800C244EA /* CardScanDD_ModelTests.swift in Sources */ = {isa = PBXBuildFile; fileRef = 3BB80994258768C800C244EA /* CardScanDD_ModelTests.swift */; };
		3BB8099D258768C800C244EA /* CardScanDD_BackgroundTests.swift in Sources */ = {isa = PBXBuildFile; fileRef = 3BB80996258768C800C244EA /* CardScanDD_BackgroundTests.swift */; };
		3BB8099E258768C800C244EA /* CardScan_CardUtilsTests.swift in Sources */ = {isa = PBXBuildFile; fileRef = 3BB80997258768C800C244EA /* CardScan_CardUtilsTests.swift */; };
		F3D3B77B25CB4E2200D88073 /* CardScan_StateMachineTests.swift in Sources */ = {isa = PBXBuildFile; fileRef = F3D3B77A25CB4E2200D88073 /* CardScan_StateMachineTests.swift */; };
		F3D3B79925CCA44900D88073 /* SimpleAccurateViewController.swift in Sources */ = {isa = PBXBuildFile; fileRef = F3D3B79825CCA44900D88073 /* SimpleAccurateViewController.swift */; };
/* End PBXBuildFile section */

/* Begin PBXContainerItemProxy section */
		3BB8098B2587686D00C244EA /* PBXContainerItemProxy */ = {
			isa = PBXContainerItemProxy;
			containerPortal = 3B20ED712586531D00CBF05E /* Project object */;
			proxyType = 1;
			remoteGlobalIDString = 3B20ED782586531D00CBF05E;
			remoteInfo = CardScanExample;
		};
/* End PBXContainerItemProxy section */

/* Begin PBXCopyFilesBuildPhase section */
		3B20EDB02586545600CBF05E /* Embed Frameworks */ = {
			isa = PBXCopyFilesBuildPhase;
			buildActionMask = 2147483647;
			dstPath = "";
			dstSubfolderSpec = 10;
			files = (
				3B20EDAF2586545500CBF05E /* CardScan.framework in Embed Frameworks */,
			);
			name = "Embed Frameworks";
			runOnlyForDeploymentPostprocessing = 0;
		};
/* End PBXCopyFilesBuildPhase section */

/* Begin PBXFileReference section */
		3B0EB476259C25EA00B00360 /* es */ = {isa = PBXFileReference; lastKnownFileType = text.plist.strings; name = es; path = es.lproj/Main.strings; sourceTree = "<group>"; };
		3B0EB477259C25EA00B00360 /* es */ = {isa = PBXFileReference; lastKnownFileType = text.plist.strings; name = es; path = es.lproj/LaunchScreen.strings; sourceTree = "<group>"; };
		3B0EB479259C290E00B00360 /* fr */ = {isa = PBXFileReference; lastKnownFileType = text.plist.strings; name = fr; path = fr.lproj/Main.strings; sourceTree = "<group>"; };
		3B0EB47A259C290E00B00360 /* fr */ = {isa = PBXFileReference; lastKnownFileType = text.plist.strings; name = fr; path = fr.lproj/LaunchScreen.strings; sourceTree = "<group>"; };
		3B0EB47B259C291A00B00360 /* de */ = {isa = PBXFileReference; lastKnownFileType = text.plist.strings; name = de; path = de.lproj/Main.strings; sourceTree = "<group>"; };
		3B0EB47C259C291A00B00360 /* de */ = {isa = PBXFileReference; lastKnownFileType = text.plist.strings; name = de; path = de.lproj/LaunchScreen.strings; sourceTree = "<group>"; };
		3B0EB47D259C292000B00360 /* ru */ = {isa = PBXFileReference; lastKnownFileType = text.plist.strings; name = ru; path = ru.lproj/Main.strings; sourceTree = "<group>"; };
		3B0EB47E259C292000B00360 /* ru */ = {isa = PBXFileReference; lastKnownFileType = text.plist.strings; name = ru; path = ru.lproj/LaunchScreen.strings; sourceTree = "<group>"; };
		3B0EB47F259C292800B00360 /* pt-BR */ = {isa = PBXFileReference; lastKnownFileType = text.plist.strings; name = "pt-BR"; path = "pt-BR.lproj/Main.strings"; sourceTree = "<group>"; };
		3B0EB480259C292900B00360 /* pt-BR */ = {isa = PBXFileReference; lastKnownFileType = text.plist.strings; name = "pt-BR"; path = "pt-BR.lproj/LaunchScreen.strings"; sourceTree = "<group>"; };
		3B0EB481259C293000B00360 /* pt-PT */ = {isa = PBXFileReference; lastKnownFileType = text.plist.strings; name = "pt-PT"; path = "pt-PT.lproj/Main.strings"; sourceTree = "<group>"; };
		3B0EB482259C293000B00360 /* pt-PT */ = {isa = PBXFileReference; lastKnownFileType = text.plist.strings; name = "pt-PT"; path = "pt-PT.lproj/LaunchScreen.strings"; sourceTree = "<group>"; };
		3B0EB483259C293900B00360 /* ko */ = {isa = PBXFileReference; lastKnownFileType = text.plist.strings; name = ko; path = ko.lproj/Main.strings; sourceTree = "<group>"; };
		3B0EB484259C293900B00360 /* ko */ = {isa = PBXFileReference; lastKnownFileType = text.plist.strings; name = ko; path = ko.lproj/LaunchScreen.strings; sourceTree = "<group>"; };
		3B0EB485259C294300B00360 /* ar */ = {isa = PBXFileReference; lastKnownFileType = text.plist.strings; name = ar; path = ar.lproj/Main.strings; sourceTree = "<group>"; };
		3B0EB486259C294300B00360 /* ar */ = {isa = PBXFileReference; lastKnownFileType = text.plist.strings; name = ar; path = ar.lproj/LaunchScreen.strings; sourceTree = "<group>"; };
		3B0EB487259C294C00B00360 /* id */ = {isa = PBXFileReference; lastKnownFileType = text.plist.strings; name = id; path = id.lproj/Main.strings; sourceTree = "<group>"; };
		3B0EB488259C294C00B00360 /* id */ = {isa = PBXFileReference; lastKnownFileType = text.plist.strings; name = id; path = id.lproj/LaunchScreen.strings; sourceTree = "<group>"; };
		3B0EB489259C295500B00360 /* he */ = {isa = PBXFileReference; lastKnownFileType = text.plist.strings; name = he; path = he.lproj/Main.strings; sourceTree = "<group>"; };
		3B0EB48A259C295500B00360 /* he */ = {isa = PBXFileReference; lastKnownFileType = text.plist.strings; name = he; path = he.lproj/LaunchScreen.strings; sourceTree = "<group>"; };
		3B0EB48B259C296400B00360 /* hi */ = {isa = PBXFileReference; lastKnownFileType = text.plist.strings; name = hi; path = hi.lproj/Main.strings; sourceTree = "<group>"; };
		3B0EB48C259C296400B00360 /* hi */ = {isa = PBXFileReference; lastKnownFileType = text.plist.strings; name = hi; path = hi.lproj/LaunchScreen.strings; sourceTree = "<group>"; };
		3B20ED792586531D00CBF05E /* CardScanExample.app */ = {isa = PBXFileReference; explicitFileType = wrapper.application; includeInIndex = 0; path = CardScanExample.app; sourceTree = BUILT_PRODUCTS_DIR; };
		3B20ED7C2586531D00CBF05E /* AppDelegate.swift */ = {isa = PBXFileReference; lastKnownFileType = sourcecode.swift; path = AppDelegate.swift; sourceTree = "<group>"; };
		3B20ED802586531D00CBF05E /* ViewController.swift */ = {isa = PBXFileReference; lastKnownFileType = sourcecode.swift; path = ViewController.swift; sourceTree = "<group>"; };
		3B20ED8A2586532100CBF05E /* Info.plist */ = {isa = PBXFileReference; lastKnownFileType = text.plist.xml; path = Info.plist; sourceTree = "<group>"; };
		3B20EDAD2586545500CBF05E /* CardScan.framework */ = {isa = PBXFileReference; explicitFileType = wrapper.framework; path = CardScan.framework; sourceTree = BUILT_PRODUCTS_DIR; };
		3B20EE5625865CAE00CBF05E /* ModalScanViewController.swift */ = {isa = PBXFileReference; fileEncoding = 4; lastKnownFileType = sourcecode.swift; path = ModalScanViewController.swift; sourceTree = "<group>"; };
		3B20EE5725865CAE00CBF05E /* ModalNavViewController.swift */ = {isa = PBXFileReference; fileEncoding = 4; lastKnownFileType = sourcecode.swift; path = ModalNavViewController.swift; sourceTree = "<group>"; };
		3B20EE5825865CAE00CBF05E /* ResultViewController.swift */ = {isa = PBXFileReference; fileEncoding = 4; lastKnownFileType = sourcecode.swift; path = ResultViewController.swift; sourceTree = "<group>"; };
		3B20EE5C25865D1400CBF05E /* Images.xcassets */ = {isa = PBXFileReference; lastKnownFileType = folder.assetcatalog; path = Images.xcassets; sourceTree = "<group>"; };
		3B24F14B258B90D600C47E4D /* CardScanExample.entitlements */ = {isa = PBXFileReference; lastKnownFileType = text.plist.entitlements; path = CardScanExample.entitlements; sourceTree = "<group>"; };
		3B9F159F259C24EB00881C1B /* Base */ = {isa = PBXFileReference; lastKnownFileType = file.storyboard; name = Base; path = Base.lproj/Main.storyboard; sourceTree = "<group>"; };
		3B9F15A0259C24EB00881C1B /* Base */ = {isa = PBXFileReference; lastKnownFileType = file.storyboard; name = Base; path = Base.lproj/LaunchScreen.storyboard; sourceTree = "<group>"; };
		3B9F15A1259C250C00881C1B /* zh-Hant */ = {isa = PBXFileReference; lastKnownFileType = text.plist.strings; name = "zh-Hant"; path = "zh-Hant.lproj/Main.strings"; sourceTree = "<group>"; };
		3B9F15A2259C250D00881C1B /* zh-Hant */ = {isa = PBXFileReference; lastKnownFileType = text.plist.strings; name = "zh-Hant"; path = "zh-Hant.lproj/LaunchScreen.strings"; sourceTree = "<group>"; };
		3B9F15A3259C254300881C1B /* zh-Hans */ = {isa = PBXFileReference; lastKnownFileType = text.plist.strings; name = "zh-Hans"; path = "zh-Hans.lproj/Main.strings"; sourceTree = "<group>"; };
		3B9F15A4259C254300881C1B /* zh-Hans */ = {isa = PBXFileReference; lastKnownFileType = text.plist.strings; name = "zh-Hans"; path = "zh-Hans.lproj/LaunchScreen.strings"; sourceTree = "<group>"; };
		3B9F15A5259C254B00881C1B /* ja */ = {isa = PBXFileReference; lastKnownFileType = text.plist.strings; name = ja; path = ja.lproj/Main.strings; sourceTree = "<group>"; };
		3B9F15A6259C254B00881C1B /* ja */ = {isa = PBXFileReference; lastKnownFileType = text.plist.strings; name = ja; path = ja.lproj/LaunchScreen.strings; sourceTree = "<group>"; };
		3BB809862587686D00C244EA /* CardScanExampleTests.xctest */ = {isa = PBXFileReference; explicitFileType = wrapper.cfbundle; includeInIndex = 0; path = CardScanExampleTests.xctest; sourceTree = BUILT_PRODUCTS_DIR; };
		3BB8098A2587686D00C244EA /* Info.plist */ = {isa = PBXFileReference; lastKnownFileType = text.plist.xml; path = Info.plist; sourceTree = "<group>"; };
		3BB80991258768C700C244EA /* CardScanDD_BundleTests.swift */ = {isa = PBXFileReference; fileEncoding = 4; lastKnownFileType = sourcecode.swift; path = CardScanDD_BundleTests.swift; sourceTree = "<group>"; };
		3BB80992258768C800C244EA /* CardScanDD_OCRTest.swift */ = {isa = PBXFileReference; fileEncoding = 4; lastKnownFileType = sourcecode.swift; path = CardScanDD_OCRTest.swift; sourceTree = "<group>"; };
		3BB80993258768C800C244EA /* CardScan_ModelDownloadConfigTests.swift */ = {isa = PBXFileReference; fileEncoding = 4; lastKnownFileType = sourcecode.swift; path = CardScan_ModelDownloadConfigTests.swift; sourceTree = "<group>"; };
		3BB80994258768C800C244EA /* CardScanDD_ModelTests.swift */ = {isa = PBXFileReference; fileEncoding = 4; lastKnownFileType = sourcecode.swift; path = CardScanDD_ModelTests.swift; sourceTree = "<group>"; };
		3BB80996258768C800C244EA /* CardScanDD_BackgroundTests.swift */ = {isa = PBXFileReference; fileEncoding = 4; lastKnownFileType = sourcecode.swift; path = CardScanDD_BackgroundTests.swift; sourceTree = "<group>"; };
		3BB80997258768C800C244EA /* CardScan_CardUtilsTests.swift */ = {isa = PBXFileReference; fileEncoding = 4; lastKnownFileType = sourcecode.swift; path = CardScan_CardUtilsTests.swift; sourceTree = "<group>"; };
		F3D3B77A25CB4E2200D88073 /* CardScan_StateMachineTests.swift */ = {isa = PBXFileReference; lastKnownFileType = sourcecode.swift; path = CardScan_StateMachineTests.swift; sourceTree = "<group>"; };
		F3D3B79825CCA44900D88073 /* SimpleAccurateViewController.swift */ = {isa = PBXFileReference; lastKnownFileType = sourcecode.swift; path = SimpleAccurateViewController.swift; sourceTree = "<group>"; };
/* End PBXFileReference section */

/* Begin PBXFrameworksBuildPhase section */
		3B20ED762586531D00CBF05E /* Frameworks */ = {
			isa = PBXFrameworksBuildPhase;
			buildActionMask = 2147483647;
			files = (
				3B20EDAE2586545500CBF05E /* CardScan.framework in Frameworks */,
			);
			runOnlyForDeploymentPostprocessing = 0;
		};
		3BB809832587686D00C244EA /* Frameworks */ = {
			isa = PBXFrameworksBuildPhase;
			buildActionMask = 2147483647;
			files = (
			);
			runOnlyForDeploymentPostprocessing = 0;
		};
/* End PBXFrameworksBuildPhase section */

/* Begin PBXGroup section */
		3B20ED702586531D00CBF05E = {
			isa = PBXGroup;
			children = (
				3B20ED7B2586531D00CBF05E /* CardScanExample */,
				3BB809872587686D00C244EA /* CardScanExampleTests */,
				3B20ED7A2586531D00CBF05E /* Products */,
				3B20EDAC2586545500CBF05E /* Frameworks */,
			);
			sourceTree = "<group>";
		};
		3B20ED7A2586531D00CBF05E /* Products */ = {
			isa = PBXGroup;
			children = (
				3B20ED792586531D00CBF05E /* CardScanExample.app */,
				3BB809862587686D00C244EA /* CardScanExampleTests.xctest */,
			);
			name = Products;
			sourceTree = "<group>";
		};
		3B20ED7B2586531D00CBF05E /* CardScanExample */ = {
			isa = PBXGroup;
			children = (
				3B24F14B258B90D600C47E4D /* CardScanExample.entitlements */,
				3B20EE5C25865D1400CBF05E /* Images.xcassets */,
				3B20EE5725865CAE00CBF05E /* ModalNavViewController.swift */,
				3B20EE5625865CAE00CBF05E /* ModalScanViewController.swift */,
				3B20EE5825865CAE00CBF05E /* ResultViewController.swift */,
				3B20ED7C2586531D00CBF05E /* AppDelegate.swift */,
				3B20ED802586531D00CBF05E /* ViewController.swift */,
				3B20ED822586531D00CBF05E /* Main.storyboard */,
				3B20ED872586532100CBF05E /* LaunchScreen.storyboard */,
				3B20ED8A2586532100CBF05E /* Info.plist */,
				F3D3B79825CCA44900D88073 /* SimpleAccurateViewController.swift */,
			);
			path = CardScanExample;
			sourceTree = "<group>";
		};
		3B20EDAC2586545500CBF05E /* Frameworks */ = {
			isa = PBXGroup;
			children = (
				3B20EDAD2586545500CBF05E /* CardScan.framework */,
			);
			name = Frameworks;
			sourceTree = "<group>";
		};
		3BB809872587686D00C244EA /* CardScanExampleTests */ = {
			isa = PBXGroup;
			children = (
				3BB8098A2587686D00C244EA /* Info.plist */,
				3BB80997258768C800C244EA /* CardScan_CardUtilsTests.swift */,
				3BB80993258768C800C244EA /* CardScan_ModelDownloadConfigTests.swift */,
				3BB80996258768C800C244EA /* CardScanDD_BackgroundTests.swift */,
				3BB80991258768C700C244EA /* CardScanDD_BundleTests.swift */,
				3BB80994258768C800C244EA /* CardScanDD_ModelTests.swift */,
				3BB80992258768C800C244EA /* CardScanDD_OCRTest.swift */,
				F3D3B77A25CB4E2200D88073 /* CardScan_StateMachineTests.swift */,
			);
			path = CardScanExampleTests;
			sourceTree = "<group>";
		};
/* End PBXGroup section */

/* Begin PBXNativeTarget section */
		3B20ED782586531D00CBF05E /* CardScanExample */ = {
			isa = PBXNativeTarget;
			buildConfigurationList = 3B20ED8D2586532100CBF05E /* Build configuration list for PBXNativeTarget "CardScanExample" */;
			buildPhases = (
				3B20ED752586531D00CBF05E /* Sources */,
				3B20ED762586531D00CBF05E /* Frameworks */,
				3B20ED772586531D00CBF05E /* Resources */,
				3B20EDB02586545600CBF05E /* Embed Frameworks */,
			);
			buildRules = (
			);
			dependencies = (
			);
			name = CardScanExample;
			productName = CardScanExample;
			productReference = 3B20ED792586531D00CBF05E /* CardScanExample.app */;
			productType = "com.apple.product-type.application";
		};
		3BB809852587686D00C244EA /* CardScanExampleTests */ = {
			isa = PBXNativeTarget;
			buildConfigurationList = 3BB8098F2587686D00C244EA /* Build configuration list for PBXNativeTarget "CardScanExampleTests" */;
			buildPhases = (
				3BB809822587686D00C244EA /* Sources */,
				3BB809832587686D00C244EA /* Frameworks */,
				3BB809842587686D00C244EA /* Resources */,
			);
			buildRules = (
			);
			dependencies = (
				3BB8098C2587686D00C244EA /* PBXTargetDependency */,
			);
			name = CardScanExampleTests;
			productName = CardScanExampleTests;
			productReference = 3BB809862587686D00C244EA /* CardScanExampleTests.xctest */;
			productType = "com.apple.product-type.bundle.unit-test";
		};
/* End PBXNativeTarget section */

/* Begin PBXProject section */
		3B20ED712586531D00CBF05E /* Project object */ = {
			isa = PBXProject;
			attributes = {
				LastSwiftUpdateCheck = 1220;
				LastUpgradeCheck = 1220;
				TargetAttributes = {
					3B20ED782586531D00CBF05E = {
						CreatedOnToolsVersion = 12.2;
					};
					3BB809852587686D00C244EA = {
						CreatedOnToolsVersion = 12.2;
						TestTargetID = 3B20ED782586531D00CBF05E;
					};
				};
			};
			buildConfigurationList = 3B20ED742586531D00CBF05E /* Build configuration list for PBXProject "CardScanExample" */;
			compatibilityVersion = "Xcode 9.3";
			developmentRegion = en;
			hasScannedForEncodings = 0;
			knownRegions = (
				en,
				Base,
				"zh-Hant",
				"zh-Hans",
				ja,
				es,
				fr,
				de,
				ru,
				"pt-BR",
				"pt-PT",
				ko,
				ar,
				id,
				he,
				hi,
			);
			mainGroup = 3B20ED702586531D00CBF05E;
			productRefGroup = 3B20ED7A2586531D00CBF05E /* Products */;
			projectDirPath = "";
			projectRoot = "";
			targets = (
				3B20ED782586531D00CBF05E /* CardScanExample */,
				3BB809852587686D00C244EA /* CardScanExampleTests */,
			);
		};
/* End PBXProject section */

/* Begin PBXResourcesBuildPhase section */
		3B20ED772586531D00CBF05E /* Resources */ = {
			isa = PBXResourcesBuildPhase;
			buildActionMask = 2147483647;
			files = (
				3B20ED892586532100CBF05E /* LaunchScreen.storyboard in Resources */,
				3B20EE5D25865D1400CBF05E /* Images.xcassets in Resources */,
				3B20ED842586531D00CBF05E /* Main.storyboard in Resources */,
			);
			runOnlyForDeploymentPostprocessing = 0;
		};
		3BB809842587686D00C244EA /* Resources */ = {
			isa = PBXResourcesBuildPhase;
			buildActionMask = 2147483647;
			files = (
			);
			runOnlyForDeploymentPostprocessing = 0;
		};
/* End PBXResourcesBuildPhase section */

/* Begin PBXSourcesBuildPhase section */
		3B20ED752586531D00CBF05E /* Sources */ = {
			isa = PBXSourcesBuildPhase;
			buildActionMask = 2147483647;
			files = (
				3B20EE5B25865CAE00CBF05E /* ResultViewController.swift in Sources */,
				3B20EE5A25865CAE00CBF05E /* ModalNavViewController.swift in Sources */,
				3B20EE5925865CAE00CBF05E /* ModalScanViewController.swift in Sources */,
				3B20ED812586531D00CBF05E /* ViewController.swift in Sources */,
				F3D3B79925CCA44900D88073 /* SimpleAccurateViewController.swift in Sources */,
				3B20ED7D2586531D00CBF05E /* AppDelegate.swift in Sources */,
			);
			runOnlyForDeploymentPostprocessing = 0;
		};
		3BB809822587686D00C244EA /* Sources */ = {
			isa = PBXSourcesBuildPhase;
			buildActionMask = 2147483647;
			files = (
				3BB80999258768C800C244EA /* CardScanDD_OCRTest.swift in Sources */,
				3BB80998258768C800C244EA /* CardScanDD_BundleTests.swift in Sources */,
				3BB8099A258768C800C244EA /* CardScan_ModelDownloadConfigTests.swift in Sources */,
				F3D3B77B25CB4E2200D88073 /* CardScan_StateMachineTests.swift in Sources */,
				3BB8099E258768C800C244EA /* CardScan_CardUtilsTests.swift in Sources */,
				3BB8099D258768C800C244EA /* CardScanDD_BackgroundTests.swift in Sources */,
				3BB8099B258768C800C244EA /* CardScanDD_ModelTests.swift in Sources */,
			);
			runOnlyForDeploymentPostprocessing = 0;
		};
/* End PBXSourcesBuildPhase section */

/* Begin PBXTargetDependency section */
		3BB8098C2587686D00C244EA /* PBXTargetDependency */ = {
			isa = PBXTargetDependency;
			target = 3B20ED782586531D00CBF05E /* CardScanExample */;
			targetProxy = 3BB8098B2587686D00C244EA /* PBXContainerItemProxy */;
		};
/* End PBXTargetDependency section */

/* Begin PBXVariantGroup section */
		3B20ED822586531D00CBF05E /* Main.storyboard */ = {
			isa = PBXVariantGroup;
			children = (
				3B9F159F259C24EB00881C1B /* Base */,
				3B9F15A1259C250C00881C1B /* zh-Hant */,
				3B9F15A3259C254300881C1B /* zh-Hans */,
				3B9F15A5259C254B00881C1B /* ja */,
				3B0EB476259C25EA00B00360 /* es */,
				3B0EB479259C290E00B00360 /* fr */,
				3B0EB47B259C291A00B00360 /* de */,
				3B0EB47D259C292000B00360 /* ru */,
				3B0EB47F259C292800B00360 /* pt-BR */,
				3B0EB481259C293000B00360 /* pt-PT */,
				3B0EB483259C293900B00360 /* ko */,
				3B0EB485259C294300B00360 /* ar */,
				3B0EB487259C294C00B00360 /* id */,
				3B0EB489259C295500B00360 /* he */,
				3B0EB48B259C296400B00360 /* hi */,
			);
			name = Main.storyboard;
			sourceTree = "<group>";
		};
		3B20ED872586532100CBF05E /* LaunchScreen.storyboard */ = {
			isa = PBXVariantGroup;
			children = (
				3B9F15A0259C24EB00881C1B /* Base */,
				3B9F15A2259C250D00881C1B /* zh-Hant */,
				3B9F15A4259C254300881C1B /* zh-Hans */,
				3B9F15A6259C254B00881C1B /* ja */,
				3B0EB477259C25EA00B00360 /* es */,
				3B0EB47A259C290E00B00360 /* fr */,
				3B0EB47C259C291A00B00360 /* de */,
				3B0EB47E259C292000B00360 /* ru */,
				3B0EB480259C292900B00360 /* pt-BR */,
				3B0EB482259C293000B00360 /* pt-PT */,
				3B0EB484259C293900B00360 /* ko */,
				3B0EB486259C294300B00360 /* ar */,
				3B0EB488259C294C00B00360 /* id */,
				3B0EB48A259C295500B00360 /* he */,
				3B0EB48C259C296400B00360 /* hi */,
			);
			name = LaunchScreen.storyboard;
			sourceTree = "<group>";
		};
/* End PBXVariantGroup section */

/* Begin XCBuildConfiguration section */
		3B20ED8B2586532100CBF05E /* Debug */ = {
			isa = XCBuildConfiguration;
			buildSettings = {
				ALWAYS_SEARCH_USER_PATHS = NO;
				CLANG_ANALYZER_LOCALIZABILITY_NONLOCALIZED = YES;
				CLANG_ANALYZER_NONNULL = YES;
				CLANG_ANALYZER_NUMBER_OBJECT_CONVERSION = YES_AGGRESSIVE;
				CLANG_CXX_LANGUAGE_STANDARD = "gnu++14";
				CLANG_CXX_LIBRARY = "libc++";
				CLANG_ENABLE_MODULES = YES;
				CLANG_ENABLE_OBJC_ARC = YES;
				CLANG_ENABLE_OBJC_WEAK = YES;
				CLANG_WARN_BLOCK_CAPTURE_AUTORELEASING = YES;
				CLANG_WARN_BOOL_CONVERSION = YES;
				CLANG_WARN_COMMA = YES;
				CLANG_WARN_CONSTANT_CONVERSION = YES;
				CLANG_WARN_DEPRECATED_OBJC_IMPLEMENTATIONS = YES;
				CLANG_WARN_DIRECT_OBJC_ISA_USAGE = YES_ERROR;
				CLANG_WARN_DOCUMENTATION_COMMENTS = YES;
				CLANG_WARN_EMPTY_BODY = YES;
				CLANG_WARN_ENUM_CONVERSION = YES;
				CLANG_WARN_INFINITE_RECURSION = YES;
				CLANG_WARN_INT_CONVERSION = YES;
				CLANG_WARN_NON_LITERAL_NULL_CONVERSION = YES;
				CLANG_WARN_OBJC_IMPLICIT_RETAIN_SELF = YES;
				CLANG_WARN_OBJC_LITERAL_CONVERSION = YES;
				CLANG_WARN_OBJC_ROOT_CLASS = YES_ERROR;
				CLANG_WARN_QUOTED_INCLUDE_IN_FRAMEWORK_HEADER = YES;
				CLANG_WARN_RANGE_LOOP_ANALYSIS = YES;
				CLANG_WARN_STRICT_PROTOTYPES = YES;
				CLANG_WARN_SUSPICIOUS_MOVE = YES;
				CLANG_WARN_UNGUARDED_AVAILABILITY = YES_AGGRESSIVE;
				CLANG_WARN_UNREACHABLE_CODE = YES;
				CLANG_WARN__DUPLICATE_METHOD_MATCH = YES;
				COPY_PHASE_STRIP = NO;
				DEBUG_INFORMATION_FORMAT = dwarf;
				ENABLE_STRICT_OBJC_MSGSEND = YES;
				ENABLE_TESTABILITY = YES;
				GCC_C_LANGUAGE_STANDARD = gnu11;
				GCC_DYNAMIC_NO_PIC = NO;
				GCC_NO_COMMON_BLOCKS = YES;
				GCC_OPTIMIZATION_LEVEL = 0;
				GCC_PREPROCESSOR_DEFINITIONS = (
					"DEBUG=1",
					"$(inherited)",
				);
				GCC_WARN_64_TO_32_BIT_CONVERSION = YES;
				GCC_WARN_ABOUT_RETURN_TYPE = YES_ERROR;
				GCC_WARN_UNDECLARED_SELECTOR = YES;
				GCC_WARN_UNINITIALIZED_AUTOS = YES_AGGRESSIVE;
				GCC_WARN_UNUSED_FUNCTION = YES;
				GCC_WARN_UNUSED_VARIABLE = YES;
				IPHONEOS_DEPLOYMENT_TARGET = 14.2;
				MTL_ENABLE_DEBUG_INFO = INCLUDE_SOURCE;
				MTL_FAST_MATH = YES;
				ONLY_ACTIVE_ARCH = YES;
				SDKROOT = iphoneos;
				SWIFT_ACTIVE_COMPILATION_CONDITIONS = DEBUG;
				SWIFT_OPTIMIZATION_LEVEL = "-Onone";
			};
			name = Debug;
		};
		3B20ED8C2586532100CBF05E /* Release */ = {
			isa = XCBuildConfiguration;
			buildSettings = {
				ALWAYS_SEARCH_USER_PATHS = NO;
				CLANG_ANALYZER_LOCALIZABILITY_NONLOCALIZED = YES;
				CLANG_ANALYZER_NONNULL = YES;
				CLANG_ANALYZER_NUMBER_OBJECT_CONVERSION = YES_AGGRESSIVE;
				CLANG_CXX_LANGUAGE_STANDARD = "gnu++14";
				CLANG_CXX_LIBRARY = "libc++";
				CLANG_ENABLE_MODULES = YES;
				CLANG_ENABLE_OBJC_ARC = YES;
				CLANG_ENABLE_OBJC_WEAK = YES;
				CLANG_WARN_BLOCK_CAPTURE_AUTORELEASING = YES;
				CLANG_WARN_BOOL_CONVERSION = YES;
				CLANG_WARN_COMMA = YES;
				CLANG_WARN_CONSTANT_CONVERSION = YES;
				CLANG_WARN_DEPRECATED_OBJC_IMPLEMENTATIONS = YES;
				CLANG_WARN_DIRECT_OBJC_ISA_USAGE = YES_ERROR;
				CLANG_WARN_DOCUMENTATION_COMMENTS = YES;
				CLANG_WARN_EMPTY_BODY = YES;
				CLANG_WARN_ENUM_CONVERSION = YES;
				CLANG_WARN_INFINITE_RECURSION = YES;
				CLANG_WARN_INT_CONVERSION = YES;
				CLANG_WARN_NON_LITERAL_NULL_CONVERSION = YES;
				CLANG_WARN_OBJC_IMPLICIT_RETAIN_SELF = YES;
				CLANG_WARN_OBJC_LITERAL_CONVERSION = YES;
				CLANG_WARN_OBJC_ROOT_CLASS = YES_ERROR;
				CLANG_WARN_QUOTED_INCLUDE_IN_FRAMEWORK_HEADER = YES;
				CLANG_WARN_RANGE_LOOP_ANALYSIS = YES;
				CLANG_WARN_STRICT_PROTOTYPES = YES;
				CLANG_WARN_SUSPICIOUS_MOVE = YES;
				CLANG_WARN_UNGUARDED_AVAILABILITY = YES_AGGRESSIVE;
				CLANG_WARN_UNREACHABLE_CODE = YES;
				CLANG_WARN__DUPLICATE_METHOD_MATCH = YES;
				COPY_PHASE_STRIP = NO;
				DEBUG_INFORMATION_FORMAT = "dwarf-with-dsym";
				ENABLE_NS_ASSERTIONS = NO;
				ENABLE_STRICT_OBJC_MSGSEND = YES;
				GCC_C_LANGUAGE_STANDARD = gnu11;
				GCC_NO_COMMON_BLOCKS = YES;
				GCC_WARN_64_TO_32_BIT_CONVERSION = YES;
				GCC_WARN_ABOUT_RETURN_TYPE = YES_ERROR;
				GCC_WARN_UNDECLARED_SELECTOR = YES;
				GCC_WARN_UNINITIALIZED_AUTOS = YES_AGGRESSIVE;
				GCC_WARN_UNUSED_FUNCTION = YES;
				GCC_WARN_UNUSED_VARIABLE = YES;
				IPHONEOS_DEPLOYMENT_TARGET = 14.2;
				MTL_ENABLE_DEBUG_INFO = NO;
				MTL_FAST_MATH = YES;
				SDKROOT = iphoneos;
				SWIFT_COMPILATION_MODE = wholemodule;
				SWIFT_OPTIMIZATION_LEVEL = "-O";
				VALIDATE_PRODUCT = YES;
			};
			name = Release;
		};
		3B20ED8E2586532100CBF05E /* Debug */ = {
			isa = XCBuildConfiguration;
			buildSettings = {
				ASSETCATALOG_COMPILER_APPICON_NAME = AppIcon;
				ASSETCATALOG_COMPILER_GLOBAL_ACCENT_COLOR_NAME = AccentColor;
				CODE_SIGN_ENTITLEMENTS = CardScanExample/CardScanExample.entitlements;
				CODE_SIGN_STYLE = Automatic;
				DEVELOPMENT_TEAM = L4TQ6C2R74;
				INFOPLIST_FILE = CardScanExample/Info.plist;
				IPHONEOS_DEPLOYMENT_TARGET = 11.2;
				LD_RUNPATH_SEARCH_PATHS = (
					"$(inherited)",
					"@executable_path/Frameworks",
				);
				PRODUCT_BUNDLE_IDENTIFIER = com.getbouncer.CardScanExample;
				PRODUCT_NAME = "$(TARGET_NAME)";
				SUPPORTS_MACCATALYST = YES;
				SWIFT_VERSION = 5.0;
				TARGETED_DEVICE_FAMILY = "1,2";
			};
			name = Debug;
		};
		3B20ED8F2586532100CBF05E /* Release */ = {
			isa = XCBuildConfiguration;
			buildSettings = {
				ASSETCATALOG_COMPILER_APPICON_NAME = AppIcon;
				ASSETCATALOG_COMPILER_GLOBAL_ACCENT_COLOR_NAME = AccentColor;
				CODE_SIGN_ENTITLEMENTS = CardScanExample/CardScanExample.entitlements;
				CODE_SIGN_STYLE = Automatic;
				DEVELOPMENT_TEAM = L4TQ6C2R74;
				INFOPLIST_FILE = CardScanExample/Info.plist;
				IPHONEOS_DEPLOYMENT_TARGET = 11.2;
				LD_RUNPATH_SEARCH_PATHS = (
					"$(inherited)",
					"@executable_path/Frameworks",
				);
				PRODUCT_BUNDLE_IDENTIFIER = com.getbouncer.CardScanExample;
				PRODUCT_NAME = "$(TARGET_NAME)";
				SUPPORTS_MACCATALYST = YES;
				SWIFT_VERSION = 5.0;
				TARGETED_DEVICE_FAMILY = "1,2";
			};
			name = Release;
		};
		3BB8098D2587686D00C244EA /* Debug */ = {
			isa = XCBuildConfiguration;
			buildSettings = {
				BUNDLE_LOADER = "$(TEST_HOST)";
				CODE_SIGN_STYLE = Automatic;
				DEVELOPMENT_TEAM = L4TQ6C2R74;
				INFOPLIST_FILE = CardScanExampleTests/Info.plist;
				LD_RUNPATH_SEARCH_PATHS = (
					"$(inherited)",
					"@executable_path/Frameworks",
					"@loader_path/Frameworks",
				);
				PRODUCT_BUNDLE_IDENTIFIER = com.getbouncer.CardScanExampleTests;
				PRODUCT_NAME = "$(TARGET_NAME)";
				SWIFT_VERSION = 5.0;
				TARGETED_DEVICE_FAMILY = "1,2";
				TEST_HOST = "$(BUILT_PRODUCTS_DIR)/CardScanExample.app/CardScanExample";
			};
			name = Debug;
		};
		3BB8098E2587686D00C244EA /* Release */ = {
			isa = XCBuildConfiguration;
			buildSettings = {
				BUNDLE_LOADER = "$(TEST_HOST)";
				CODE_SIGN_STYLE = Automatic;
				DEVELOPMENT_TEAM = L4TQ6C2R74;
				INFOPLIST_FILE = CardScanExampleTests/Info.plist;
				LD_RUNPATH_SEARCH_PATHS = (
					"$(inherited)",
					"@executable_path/Frameworks",
					"@loader_path/Frameworks",
				);
				PRODUCT_BUNDLE_IDENTIFIER = com.getbouncer.CardScanExampleTests;
				PRODUCT_NAME = "$(TARGET_NAME)";
				SWIFT_VERSION = 5.0;
				TARGETED_DEVICE_FAMILY = "1,2";
				TEST_HOST = "$(BUILT_PRODUCTS_DIR)/CardScanExample.app/CardScanExample";
			};
			name = Release;
		};
/* End XCBuildConfiguration section */

/* Begin XCConfigurationList section */
		3B20ED742586531D00CBF05E /* Build configuration list for PBXProject "CardScanExample" */ = {
			isa = XCConfigurationList;
			buildConfigurations = (
				3B20ED8B2586532100CBF05E /* Debug */,
				3B20ED8C2586532100CBF05E /* Release */,
			);
			defaultConfigurationIsVisible = 0;
			defaultConfigurationName = Release;
		};
		3B20ED8D2586532100CBF05E /* Build configuration list for PBXNativeTarget "CardScanExample" */ = {
			isa = XCConfigurationList;
			buildConfigurations = (
				3B20ED8E2586532100CBF05E /* Debug */,
				3B20ED8F2586532100CBF05E /* Release */,
			);
			defaultConfigurationIsVisible = 0;
			defaultConfigurationName = Release;
		};
		3BB8098F2587686D00C244EA /* Build configuration list for PBXNativeTarget "CardScanExampleTests" */ = {
			isa = XCConfigurationList;
			buildConfigurations = (
				3BB8098D2587686D00C244EA /* Debug */,
				3BB8098E2587686D00C244EA /* Release */,
			);
			defaultConfigurationIsVisible = 0;
			defaultConfigurationName = Release;
		};
/* End XCConfigurationList section */
	};
	rootObject = 3B20ED712586531D00CBF05E /* Project object */;
}
